
Microsoft Visual Studio Solution File, Format Version 12.00
# Visual Studio Version 17
VisualStudioVersion = 17.3.32922.545
MinimumVisualStudioVersion = 10.0.40219.1
Project("{FAE04EC0-301F-11D3-BF4B-00C04F79EFBC}") = "ЛБ№4", "ЛБ№4.csproj", "{9F08008A-0A7D-4F9A-A5EB-A3D5857E1FCE}"
EndProject
Global
	GlobalSection(SolutionConfigurationPlatforms) = preSolution
		Debug|Any CPU = Debug|Any CPU
		Release|Any CPU = Release|Any CPU
	EndGlobalSection
	GlobalSection(ProjectConfigurationPlatforms) = postSolution
		{9F08008A-0A7D-4F9A-A5EB-A3D5857E1FCE}.Debug|Any CPU.ActiveCfg = Debug|Any CPU
		{9F08008A-0A7D-4F9A-A5EB-A3D5857E1FCE}.Debug|Any CPU.Build.0 = Debug|Any CPU
		{9F08008A-0A7D-4F9A-A5EB-A3D5857E1FCE}.Release|Any CPU.ActiveCfg = Release|Any CPU
		{9F08008A-0A7D-4F9A-A5EB-A3D5857E1FCE}.Release|Any CPU.Build.0 = Release|Any CPU
	EndGlobalSection
	GlobalSection(SolutionProperties) = preSolution
		HideSolutionNode = FALSE
	EndGlobalSection
	GlobalSection(ExtensibilityGlobals) = postSolution
		SolutionGuid = {A56D8A22-21D0-4BF8-B0C0-DEEC1A5DDF0D}
	EndGlobalSection
EndGlobal
